
Microsoft Visual Studio Solution File, Format Version 12.00
# Visual Studio Version 17
VisualStudioVersion = 17.9.34701.34
MinimumVisualStudioVersion = 10.0.40219.1
Project("{FAE04EC0-301F-11D3-BF4B-00C04F79EFBC}") = "PDFMaster", "PDFMaster\PDFMaster.csproj", "{D2173538-01A8-492B-AC0F-4296F1503521}"
EndProject
Global
	GlobalSection(SolutionConfigurationPlatforms) = preSolution
		Debug|Any CPU = Debug|Any CPU
		Release|Any CPU = Release|Any CPU
	EndGlobalSection
	GlobalSection(ProjectConfigurationPlatforms) = postSolution
		{D2173538-01A8-492B-AC0F-4296F1503521}.Debug|Any CPU.ActiveCfg = Debug|Any CPU
		{D2173538-01A8-492B-AC0F-4296F1503521}.Debug|Any CPU.Build.0 = Debug|Any CPU
		{D2173538-01A8-492B-AC0F-4296F1503521}.Release|Any CPU.ActiveCfg = Release|Any CPU
		{D2173538-01A8-492B-AC0F-4296F1503521}.Release|Any CPU.Build.0 = Release|Any CPU
	EndGlobalSection
	GlobalSection(SolutionProperties) = preSolution
		HideSolutionNode = FALSE
	EndGlobalSection
	GlobalSection(ExtensibilityGlobals) = postSolution
		SolutionGuid = {E4CD47AF-34AA-44FD-8497-B0F9C2902D5E}
	EndGlobalSection
EndGlobal
